
Microsoft Visual Studio Solution File, Format Version 12.00
# Visual Studio Version 17
VisualStudioVersion = 17.5.33627.172
MinimumVisualStudioVersion = 10.0.40219.1
Project("{FAE04EC0-301F-11D3-BF4B-00C04F79EFBC}") = "EFCore_BulkExtensionsLab", "EFCore_BulkExtensionsLab\EFCore_BulkExtensionsLab.csproj", "{56723247-A350-4A3D-BB43-62004AD423EE}"
EndProject
Global
	GlobalSection(SolutionConfigurationPlatforms) = preSolution
		Debug|Any CPU = Debug|Any CPU
		Release|Any CPU = Release|Any CPU
	EndGlobalSection
	GlobalSection(ProjectConfigurationPlatforms) = postSolution
		{56723247-A350-4A3D-BB43-62004AD423EE}.Debug|Any CPU.ActiveCfg = Debug|Any CPU
		{56723247-A350-4A3D-BB43-62004AD423EE}.Debug|Any CPU.Build.0 = Debug|Any CPU
		{56723247-A350-4A3D-BB43-62004AD423EE}.Release|Any CPU.ActiveCfg = Release|Any CPU
		{56723247-A350-4A3D-BB43-62004AD423EE}.Release|Any CPU.Build.0 = Release|Any CPU
	EndGlobalSection
	GlobalSection(SolutionProperties) = preSolution
		HideSolutionNode = FALSE
	EndGlobalSection
	GlobalSection(ExtensibilityGlobals) = postSolution
		SolutionGuid = {6E385BF7-985F-40BF-9FE1-858D7B8D5C5C}
	EndGlobalSection
EndGlobal
